{
  "pins" : [
    {
      "identity" : "apollo-ios",
      "kind" : "remoteSourceControl",
      "location" : "https://github.com/apollographql/apollo-ios.git",
      "state" : {
        "revision" : "99dfbdb869dbba16bd09e086b2b669bfcab811ec",
        "version" : "1.12.2"
      }
    },
    {
      "identity" : "html",
      "kind" : "remoteSourceControl",
      "location" : "https://github.com/zwaldowski/HTML",
      "state" : {
        "branch" : "main",
        "revision" : "e09db9aee67a2a36d0c3e3d9cc7a0d52d3e775ed"
      }
    },
    {
      "identity" : "notesarchive",
      "kind" : "remoteSourceControl",
      "location" : "https://github.com/zwaldowski/NotesArchive",
      "state" : {
        "branch" : "main",
        "revision" : "0ced1d2e61530d29c1385e9a03b475e727fdba23"
      }
    },
    {
      "identity" : "sqlite.swift",
      "kind" : "remoteSourceControl",
      "location" : "https://github.com/stephencelis/SQLite.swift.git",
      "state" : {
        "revision" : "a95fc6df17d108bd99210db5e8a9bac90fe984b8",
        "version" : "0.15.3"
      }
    },
    {
      "identity" : "swift-argument-parser",
      "kind" : "remoteSourceControl",
      "location" : "https://github.com/apple/swift-argument-parser.git",
      "state" : {
        "revision" : "0fbc8848e389af3bb55c182bc19ca9d5dc2f255b",
        "version" : "1.4.0"
      }
    }
  ],
  "version" : 2
}
